
Microsoft Visual Studio Solution File, Format Version 12.00
# Visual Studio Version 17
VisualStudioVersion = 17.10.34916.146
MinimumVisualStudioVersion = 10.0.40219.1
Project("{9A19103F-16F7-4668-BE54-9A1E7A4F7556}") = "ApiGestaoProdutos.API", "ApiGestaoProdutos.API\ApiGestaoProdutos.API.csproj", "{2153EFD8-612E-47CA-B330-A2022667F52C}"
EndProject
Project("{9A19103F-16F7-4668-BE54-9A1E7A4F7556}") = "ApiGestaoProdutos.Application", "ApiGestaoProdutos.Application\ApiGestaoProdutos.Application.csproj", "{0B28BD64-FAAE-483A-BBDD-3CC63CB1B9F1}"
EndProject
Project("{9A19103F-16F7-4668-BE54-9A1E7A4F7556}") = "ApiGestaoProdutos.Domain", "ApiGestaoProdutos.Domain\ApiGestaoProdutos.Domain.csproj", "{2792396A-9A12-4731-B37C-5201347504FB}"
EndProject
Project("{9A19103F-16F7-4668-BE54-9A1E7A4F7556}") = "ApiGestaoProdutos.Infrastructure", "ApiGestaoProdutos.Infrastructure\ApiGestaoProdutos.Infrastructure.csproj", "{9CD83900-EC2E-4A8C-AAE3-32CE467DD291}"
EndProject
Project("{FAE04EC0-301F-11D3-BF4B-00C04F79EFBC}") = "ApiGestaoProdutos.Test", "ApiGestaoProdutos.Test\ApiGestaoProdutos.Test.csproj", "{B3B32E1C-C9B0-4491-B9DD-A00659D50394}"
EndProject
Global
	GlobalSection(SolutionConfigurationPlatforms) = preSolution
		Debug|Any CPU = Debug|Any CPU
		Release|Any CPU = Release|Any CPU
	EndGlobalSection
	GlobalSection(ProjectConfigurationPlatforms) = postSolution
		{2153EFD8-612E-47CA-B330-A2022667F52C}.Debug|Any CPU.ActiveCfg = Debug|Any CPU
		{2153EFD8-612E-47CA-B330-A2022667F52C}.Debug|Any CPU.Build.0 = Debug|Any CPU
		{2153EFD8-612E-47CA-B330-A2022667F52C}.Release|Any CPU.ActiveCfg = Release|Any CPU
		{2153EFD8-612E-47CA-B330-A2022667F52C}.Release|Any CPU.Build.0 = Release|Any CPU
		{0B28BD64-FAAE-483A-BBDD-3CC63CB1B9F1}.Debug|Any CPU.ActiveCfg = Debug|Any CPU
		{0B28BD64-FAAE-483A-BBDD-3CC63CB1B9F1}.Debug|Any CPU.Build.0 = Debug|Any CPU
		{0B28BD64-FAAE-483A-BBDD-3CC63CB1B9F1}.Release|Any CPU.ActiveCfg = Release|Any CPU
		{0B28BD64-FAAE-483A-BBDD-3CC63CB1B9F1}.Release|Any CPU.Build.0 = Release|Any CPU
		{2792396A-9A12-4731-B37C-5201347504FB}.Debug|Any CPU.ActiveCfg = Debug|Any CPU
		{2792396A-9A12-4731-B37C-5201347504FB}.Debug|Any CPU.Build.0 = Debug|Any CPU
		{2792396A-9A12-4731-B37C-5201347504FB}.Release|Any CPU.ActiveCfg = Release|Any CPU
		{2792396A-9A12-4731-B37C-5201347504FB}.Release|Any CPU.Build.0 = Release|Any CPU
		{9CD83900-EC2E-4A8C-AAE3-32CE467DD291}.Debug|Any CPU.ActiveCfg = Debug|Any CPU
		{9CD83900-EC2E-4A8C-AAE3-32CE467DD291}.Debug|Any CPU.Build.0 = Debug|Any CPU
		{9CD83900-EC2E-4A8C-AAE3-32CE467DD291}.Release|Any CPU.ActiveCfg = Release|Any CPU
		{9CD83900-EC2E-4A8C-AAE3-32CE467DD291}.Release|Any CPU.Build.0 = Release|Any CPU
		{B3B32E1C-C9B0-4491-B9DD-A00659D50394}.Debug|Any CPU.ActiveCfg = Debug|Any CPU
		{B3B32E1C-C9B0-4491-B9DD-A00659D50394}.Debug|Any CPU.Build.0 = Debug|Any CPU
		{B3B32E1C-C9B0-4491-B9DD-A00659D50394}.Release|Any CPU.ActiveCfg = Release|Any CPU
		{B3B32E1C-C9B0-4491-B9DD-A00659D50394}.Release|Any CPU.Build.0 = Release|Any CPU
	EndGlobalSection
	GlobalSection(SolutionProperties) = preSolution
		HideSolutionNode = FALSE
	EndGlobalSection
	GlobalSection(ExtensibilityGlobals) = postSolution
		SolutionGuid = {7AEFBEE3-2B66-43B0-826E-A01DE52A0BDC}
	EndGlobalSection
EndGlobal
