
Microsoft Visual Studio Solution File, Format Version 12.00
# Visual Studio Version 17
VisualStudioVersion = 17.10.34916.146
MinimumVisualStudioVersion = 10.0.40219.1
Project("{FAE04EC0-301F-11D3-BF4B-00C04F79EFBC}") = "ApiGestaoProdutos", "ApiGestaoProdutos.csproj", "{C166F59A-C40D-47A1-B165-FF486E3EA990}"
EndProject
Project("{FAE04EC0-301F-11D3-BF4B-00C04F79EFBC}") = "ApiGestaoProdutos.Application", "..\ApiGestaoProdutos.Application\ApiGestaoProdutos.Application.csproj", "{FE700D2B-D3C4-4643-95C8-22EF511562D4}"
EndProject
Project("{FAE04EC0-301F-11D3-BF4B-00C04F79EFBC}") = "ApiGestaoProdutos.Domain", "..\ApiGestaoProdutos.Domain\ApiGestaoProdutos.Domain.csproj", "{495144F6-7F40-4943-8239-7C55CDD8C633}"
EndProject
Project("{FAE04EC0-301F-11D3-BF4B-00C04F79EFBC}") = "ApiGestaoProdutos.Infrastructure", "..\ApiGestaoProdutos.Infrastructure\ApiGestaoProdutos.Infrastructure.csproj", "{63743E3A-1AF5-4B63-A1C6-D82614E1BD4C}"
EndProject
Project("{FAE04EC0-301F-11D3-BF4B-00C04F79EFBC}") = "ApiGestaoProdutos.Tests", "..\ApiGestaoProdutos.Tests\ApiGestaoProdutos.Tests.csproj", "{D2A39500-5A31-4495-AB5D-B6B1AAA3E3C0}"
EndProject
Global
	GlobalSection(SolutionConfigurationPlatforms) = preSolution
		Debug|Any CPU = Debug|Any CPU
		Release|Any CPU = Release|Any CPU
	EndGlobalSection
	GlobalSection(ProjectConfigurationPlatforms) = postSolution
		{C166F59A-C40D-47A1-B165-FF486E3EA990}.Debug|Any CPU.ActiveCfg = Debug|Any CPU
		{C166F59A-C40D-47A1-B165-FF486E3EA990}.Debug|Any CPU.Build.0 = Debug|Any CPU
		{C166F59A-C40D-47A1-B165-FF486E3EA990}.Release|Any CPU.ActiveCfg = Release|Any CPU
		{C166F59A-C40D-47A1-B165-FF486E3EA990}.Release|Any CPU.Build.0 = Release|Any CPU
		{FE700D2B-D3C4-4643-95C8-22EF511562D4}.Debug|Any CPU.ActiveCfg = Debug|Any CPU
		{FE700D2B-D3C4-4643-95C8-22EF511562D4}.Debug|Any CPU.Build.0 = Debug|Any CPU
		{FE700D2B-D3C4-4643-95C8-22EF511562D4}.Release|Any CPU.ActiveCfg = Release|Any CPU
		{FE700D2B-D3C4-4643-95C8-22EF511562D4}.Release|Any CPU.Build.0 = Release|Any CPU
		{495144F6-7F40-4943-8239-7C55CDD8C633}.Debug|Any CPU.ActiveCfg = Debug|Any CPU
		{495144F6-7F40-4943-8239-7C55CDD8C633}.Debug|Any CPU.Build.0 = Debug|Any CPU
		{495144F6-7F40-4943-8239-7C55CDD8C633}.Release|Any CPU.ActiveCfg = Release|Any CPU
		{495144F6-7F40-4943-8239-7C55CDD8C633}.Release|Any CPU.Build.0 = Release|Any CPU
		{63743E3A-1AF5-4B63-A1C6-D82614E1BD4C}.Debug|Any CPU.ActiveCfg = Debug|Any CPU
		{63743E3A-1AF5-4B63-A1C6-D82614E1BD4C}.Debug|Any CPU.Build.0 = Debug|Any CPU
		{63743E3A-1AF5-4B63-A1C6-D82614E1BD4C}.Release|Any CPU.ActiveCfg = Release|Any CPU
		{63743E3A-1AF5-4B63-A1C6-D82614E1BD4C}.Release|Any CPU.Build.0 = Release|Any CPU
		{D2A39500-5A31-4495-AB5D-B6B1AAA3E3C0}.Debug|Any CPU.ActiveCfg = Debug|Any CPU
		{D2A39500-5A31-4495-AB5D-B6B1AAA3E3C0}.Debug|Any CPU.Build.0 = Debug|Any CPU
		{D2A39500-5A31-4495-AB5D-B6B1AAA3E3C0}.Release|Any CPU.ActiveCfg = Release|Any CPU
		{D2A39500-5A31-4495-AB5D-B6B1AAA3E3C0}.Release|Any CPU.Build.0 = Release|Any CPU
	EndGlobalSection
	GlobalSection(SolutionProperties) = preSolution
		HideSolutionNode = FALSE
	EndGlobalSection
	GlobalSection(ExtensibilityGlobals) = postSolution
		SolutionGuid = {7AEFBEE3-2B66-43B0-826E-A01DE52A0BDC}
	EndGlobalSection
EndGlobal
